
Microsoft Visual Studio Solution File, Format Version 11.00
# Visual Studio 2010
Project("{FAE04EC0-301F-11D3-BF4B-00C04F79EFBC}") = "Assembly-CSharp", "Assembly-CSharp.csproj", "{DDDE5875-7FBF-A1A4-B36A-FC1FE8BA9AE2}"
EndProject
Project("{FAE04EC0-301F-11D3-BF4B-00C04F79EFBC}") = "Assembly-CSharp-Editor", "Assembly-CSharp-Editor.csproj", "{CA4695C6-6F89-08A2-7B88-9D4D9A2AE644}"
EndProject
Global
	GlobalSection(SolutionConfigurationPlatforms) = preSolution
		Debug|Any CPU = Debug|Any CPU
		Release|Any CPU = Release|Any CPU
	EndGlobalSection
	GlobalSection(ProjectConfigurationPlatforms) = postSolution
		{DDDE5875-7FBF-A1A4-B36A-FC1FE8BA9AE2}.Debug|Any CPU.ActiveCfg = Debug|Any CPU
		{DDDE5875-7FBF-A1A4-B36A-FC1FE8BA9AE2}.Debug|Any CPU.Build.0 = Debug|Any CPU
		{DDDE5875-7FBF-A1A4-B36A-FC1FE8BA9AE2}.Release|Any CPU.ActiveCfg = Release|Any CPU
		{DDDE5875-7FBF-A1A4-B36A-FC1FE8BA9AE2}.Release|Any CPU.Build.0 = Release|Any CPU
		{CA4695C6-6F89-08A2-7B88-9D4D9A2AE644}.Debug|Any CPU.ActiveCfg = Debug|Any CPU
		{CA4695C6-6F89-08A2-7B88-9D4D9A2AE644}.Debug|Any CPU.Build.0 = Debug|Any CPU
		{CA4695C6-6F89-08A2-7B88-9D4D9A2AE644}.Release|Any CPU.ActiveCfg = Release|Any CPU
		{CA4695C6-6F89-08A2-7B88-9D4D9A2AE644}.Release|Any CPU.Build.0 = Release|Any CPU
	EndGlobalSection
	GlobalSection(SolutionProperties) = preSolution
		HideSolutionNode = FALSE
	EndGlobalSection
	GlobalSection(MonoDevelopProperties) = preSolution
		StartupItem = Assembly-CSharp.csproj
	EndGlobalSection
EndGlobal
